
Microsoft Visual Studio Solution File, Format Version 12.00
# Visual Studio Version 16
VisualStudioVersion = 16.0.30804.86
MinimumVisualStudioVersion = 10.0.40219.1
Project("{FAE04EC0-301F-11D3-BF4B-00C04F79EFBC}") = "HesapMakinesi", "HesapMakinesi\HesapMakinesi.csproj", "{529A3CF5-FD81-43AD-ACB0-165EE01DCEDB}"
EndProject
Global
	GlobalSection(SolutionConfigurationPlatforms) = preSolution
		Debug|Any CPU = Debug|Any CPU
		Release|Any CPU = Release|Any CPU
	EndGlobalSection
	GlobalSection(ProjectConfigurationPlatforms) = postSolution
		{529A3CF5-FD81-43AD-ACB0-165EE01DCEDB}.Debug|Any CPU.ActiveCfg = Debug|Any CPU
		{529A3CF5-FD81-43AD-ACB0-165EE01DCEDB}.Debug|Any CPU.Build.0 = Debug|Any CPU
		{529A3CF5-FD81-43AD-ACB0-165EE01DCEDB}.Release|Any CPU.ActiveCfg = Release|Any CPU
		{529A3CF5-FD81-43AD-ACB0-165EE01DCEDB}.Release|Any CPU.Build.0 = Release|Any CPU
	EndGlobalSection
	GlobalSection(SolutionProperties) = preSolution
		HideSolutionNode = FALSE
	EndGlobalSection
	GlobalSection(ExtensibilityGlobals) = postSolution
		SolutionGuid = {F8189149-88C1-461B-8D1C-8B7634743CFB}
	EndGlobalSection
EndGlobal
